
Microsoft Visual Studio Solution File, Format Version 12.00
# Visual Studio 15
VisualStudioVersion = 15.0.27703.2047
MinimumVisualStudioVersion = 10.0.40219.1
Project("{FAE04EC0-301F-11D3-BF4B-00C04F79EFBC}") = "WebApplication6", "WebApplication6\WebApplication6.csproj", "{A0AFEB91-8BFD-4DD8-9C8C-3C4B4DA0B44E}"
EndProject
Global
	GlobalSection(SolutionConfigurationPlatforms) = preSolution
		Debug|Any CPU = Debug|Any CPU
		Release|Any CPU = Release|Any CPU
	EndGlobalSection
	GlobalSection(ProjectConfigurationPlatforms) = postSolution
		{A0AFEB91-8BFD-4DD8-9C8C-3C4B4DA0B44E}.Debug|Any CPU.ActiveCfg = Debug|Any CPU
		{A0AFEB91-8BFD-4DD8-9C8C-3C4B4DA0B44E}.Debug|Any CPU.Build.0 = Debug|Any CPU
		{A0AFEB91-8BFD-4DD8-9C8C-3C4B4DA0B44E}.Release|Any CPU.ActiveCfg = Release|Any CPU
		{A0AFEB91-8BFD-4DD8-9C8C-3C4B4DA0B44E}.Release|Any CPU.Build.0 = Release|Any CPU
	EndGlobalSection
	GlobalSection(SolutionProperties) = preSolution
		HideSolutionNode = FALSE
	EndGlobalSection
	GlobalSection(ExtensibilityGlobals) = postSolution
		SolutionGuid = {25464FAC-A36C-47E1-8D66-B88D105606D0}
	EndGlobalSection
EndGlobal
